{
    "_readme": [
        "This file locks the dependencies of your project to a known state",
        "Read more about it at https://getcomposer.org/doc/01-basic-usage.md#installing-dependencies",
        "This file is @generated automatically"
    ],
    "content-hash": "6de4859ee7c0c261cff880c3c23e1403",
    "packages": [
        {
            "name": "bogdaan/open-location-code",
            "version": "dev-master",
            "source": {
                "type": "git",
                "url": "https://github.com/Bogdaan/open-location-code.git",
                "reference": "6e384e41cc6d6dd4d87f95c36aabf0de5256bf3f"
            },
            "dist": {
                "type": "zip",
                "url": "https://api.github.com/repos/Bogdaan/open-location-code/zipball/6e384e41cc6d6dd4d87f95c36aabf0de5256bf3f",
                "reference": "6e384e41cc6d6dd4d87f95c36aabf0de5256bf3f",
                "shasum": ""
            },
            "require": {
                "php": ">=5.4.0"
            },
            "require-dev": {
                "phpunit/phpunit": "~4.0",
                "psr/log": "~1.0"
            },
            "default-branch": true,
            "type": "library",
            "autoload": {
                "psr-4": {
                    "OpenLocationCode\\": "src/"
                }
            },
            "notification-url": "https://packagist.org/downloads/",
            "license": [
                "MIT"
            ],
            "authors": [
                {
                    "name": "Novikov Bogdan",
                    "email": "hcbogdan@gmail.com",
                    "homepage": "http://hcbogdan.com"
                }
            ],
            "description": "Open location code for php",
            "keywords": [
                "olc",
                "open location code",
                "plus.codes"
            ],
            "support": {
                "issues": "https://github.com/Bogdaan/open-location-code/issues",
                "source": "https://github.com/Bogdaan/open-location-code/tree/master"
            },
            "time": "2018-02-03T16:15:27+00:00"
        },
        {
            "name": "lsolesen/pel",
            "version": "0.9.12",
            "source": {
                "type": "git",
                "url": "https://github.com/pel/pel.git",
                "reference": "b95fe29cdacf9d36330da277f10910a13648c84c"
            },
            "dist": {
                "type": "zip",
                "url": "https://api.github.com/repos/pel/pel/zipball/b95fe29cdacf9d36330da277f10910a13648c84c",
                "reference": "b95fe29cdacf9d36330da277f10910a13648c84c",
                "shasum": ""
            },
            "require": {
                "php": ">=7.1.0"
            },
            "require-dev": {
                "ext-exif": "*",
                "ext-gd": "*",
                "php-coveralls/php-coveralls": ">2.4",
                "squizlabs/php_codesniffer": ">3.5",
                "symfony/phpunit-bridge": "^4 || ^5"
            },
            "type": "library",
            "autoload": {
                "psr-4": {
                    "lsolesen\\pel\\": "src/"
                }
            },
            "notification-url": "https://packagist.org/downloads/",
            "license": [
                "GPL-2.0"
            ],
            "authors": [
                {
                    "name": "Lars Olesen",
                    "email": "lars@intraface.dk",
                    "homepage": "http://intraface.dk",
                    "role": "Developer"
                },
                {
                    "name": "Martin Geisler",
                    "email": "martin@geisler.net",
                    "homepage": "http://geisler.net",
                    "role": "Developer"
                }
            ],
            "description": "PHP Exif Library. A library for reading and writing Exif headers in JPEG and TIFF images using PHP.",
            "homepage": "http://pel.github.com/pel/",
            "keywords": [
                "exif",
                "image"
            ],
            "support": {
                "issues": "https://github.com/pel/pel/issues",
                "source": "https://github.com/pel/pel/tree/0.9.12"
            },
            "abandoned": true,
            "time": "2022-02-18T13:20:54+00:00"
        }
    ],
    "packages-dev": [
        {
            "name": "bamarni/composer-bin-plugin",
            "version": "1.8.2",
            "source": {
                "type": "git",
                "url": "https://github.com/bamarni/composer-bin-plugin.git",
                "reference": "92fd7b1e6e9cdae19b0d57369d8ad31a37b6a880"
            },
            "dist": {
                "type": "zip",
                "url": "https://api.github.com/repos/bamarni/composer-bin-plugin/zipball/92fd7b1e6e9cdae19b0d57369d8ad31a37b6a880",
                "reference": "92fd7b1e6e9cdae19b0d57369d8ad31a37b6a880",
                "shasum": ""
            },
            "require": {
                "composer-plugin-api": "^2.0",
                "php": "^7.2.5 || ^8.0"
            },
            "require-dev": {
                "composer/composer": "^2.0",
                "ext-json": "*",
                "phpstan/extension-installer": "^1.1",
                "phpstan/phpstan": "^1.8",
                "phpstan/phpstan-phpunit": "^1.1",
                "phpunit/phpunit": "^8.5 || ^9.5",
                "symfony/console": "^2.8.52 || ^3.4.35 || ^4.4 || ^5.0 || ^6.0",
                "symfony/finder": "^2.8.52 || ^3.4.35 || ^4.4 || ^5.0 || ^6.0",
                "symfony/process": "^2.8.52 || ^3.4.35 || ^4.4 || ^5.0 || ^6.0"
            },
            "type": "composer-plugin",
            "extra": {
                "class": "Bamarni\\Composer\\Bin\\BamarniBinPlugin"
            },
            "autoload": {
                "psr-4": {
                    "Bamarni\\Composer\\Bin\\": "src"
                }
            },
            "notification-url": "https://packagist.org/downloads/",
            "license": [
                "MIT"
            ],
            "description": "No conflicts for your bin dependencies",
            "keywords": [
                "composer",
                "conflict",
                "dependency",
                "executable",
                "isolation",
                "tool"
            ],
            "support": {
                "issues": "https://github.com/bamarni/composer-bin-plugin/issues",
                "source": "https://github.com/bamarni/composer-bin-plugin/tree/1.8.2"
            },
            "time": "2022-10-31T08:38:03+00:00"
        }
    ],
    "aliases": [],
    "minimum-stability": "stable",
    "stability-flags": {
        "bogdaan/open-location-code": 20
    },
    "prefer-stable": false,
    "prefer-lowest": false,
    "platform": [],
    "platform-dev": [],
    "plugin-api-version": "2.3.0"
}
